// !$*UTF8*$!
{
	archiveVersion = 1;
	classes = {
	};
	objectVersion = 46;
	objects = {

/* Begin PBXBuildFile section */
		903750791CA41F7B006D9D58 /* Fabric.framework in Frameworks */ = {isa = PBXBuildFile; fileRef = 903750751CA41F7B006D9D58 /* Fabric.framework */; };
		9037507A1CA41F7B006D9D58 /* TwitterKit.framework in Frameworks */ = {isa = PBXBuildFile; fileRef = 903750761CA41F7B006D9D58 /* TwitterKit.framework */; };
		9037507B1CA41F7B006D9D58 /* TwitterKitResources.bundle in Resources */ = {isa = PBXBuildFile; fileRef = 903750771CA41F7B006D9D58 /* TwitterKitResources.bundle */; };
		9037507C1CA41F7B006D9D58 /* TwitterCore.framework in Frameworks */ = {isa = PBXBuildFile; fileRef = 903750781CA41F7B006D9D58 /* TwitterCore.framework */; };
		9037507E1CA45240006D9D58 /* EntryDateViewController.swift in Sources */ = {isa = PBXBuildFile; fileRef = 9037507D1CA45240006D9D58 /* EntryDateViewController.swift */; };
		9038CB161CDF9D59000F4F71 /* Info.plist in Resources */ = {isa = PBXBuildFile; fileRef = 9038CB111CDF9D59000F4F71 /* Info.plist */; };
		9038CB171CDF9D59000F4F71 /* KeychainOptions.swift in Sources */ = {isa = PBXBuildFile; fileRef = 9038CB121CDF9D59000F4F71 /* KeychainOptions.swift */; };
		9038CB181CDF9D59000F4F71 /* KeychainWrapper+Experimental.swift in Sources */ = {isa = PBXBuildFile; fileRef = 9038CB131CDF9D59000F4F71 /* KeychainWrapper+Experimental.swift */; };
		9038CB191CDF9D59000F4F71 /* KeychainWrapper.swift in Sources */ = {isa = PBXBuildFile; fileRef = 9038CB141CDF9D59000F4F71 /* KeychainWrapper.swift */; };
		9054569D1C937AD300645C39 /* AppDelegate.swift in Sources */ = {isa = PBXBuildFile; fileRef = 9054569C1C937AD300645C39 /* AppDelegate.swift */; };
		905456A01C937AD300645C39 /* Journal.xcdatamodeld in Sources */ = {isa = PBXBuildFile; fileRef = 9054569E1C937AD300645C39 /* Journal.xcdatamodeld */; };
		905456A21C937AD300645C39 /* MasterViewController.swift in Sources */ = {isa = PBXBuildFile; fileRef = 905456A11C937AD300645C39 /* MasterViewController.swift */; };
		905456A41C937AD300645C39 /* EntryViewController.swift in Sources */ = {isa = PBXBuildFile; fileRef = 905456A31C937AD300645C39 /* EntryViewController.swift */; };
		905456A71C937AD300645C39 /* Main.storyboard in Resources */ = {isa = PBXBuildFile; fileRef = 905456A51C937AD300645C39 /* Main.storyboard */; };
		905456A91C937AD300645C39 /* Assets.xcassets in Resources */ = {isa = PBXBuildFile; fileRef = 905456A81C937AD300645C39 /* Assets.xcassets */; };
		905456AC1C937AD300645C39 /* LaunchScreen.storyboard in Resources */ = {isa = PBXBuildFile; fileRef = 905456AA1C937AD300645C39 /* LaunchScreen.storyboard */; };
		905456B71C937AD300645C39 /* JournalTests.swift in Sources */ = {isa = PBXBuildFile; fileRef = 905456B61C937AD300645C39 /* JournalTests.swift */; };
		905456C21C937AD300645C39 /* JournalUITests.swift in Sources */ = {isa = PBXBuildFile; fileRef = 905456C11C937AD300645C39 /* JournalUITests.swift */; };
		905456D11C96F8D800645C39 /* CoreDataStack.swift in Sources */ = {isa = PBXBuildFile; fileRef = 905456D01C96F8D800645C39 /* CoreDataStack.swift */; };
		905456D51C971D7A00645C39 /* Entry+CoreDataProperties.swift in Sources */ = {isa = PBXBuildFile; fileRef = 905456D31C971D7A00645C39 /* Entry+CoreDataProperties.swift */; };
		905456D61C971D7A00645C39 /* Entry.swift in Sources */ = {isa = PBXBuildFile; fileRef = 905456D41C971D7A00645C39 /* Entry.swift */; };
		905456FC1C9A22BB00645C39 /* FBSDKCoreKit.framework in Frameworks */ = {isa = PBXBuildFile; fileRef = 905456FB1C9A22BB00645C39 /* FBSDKCoreKit.framework */; };
		905456FE1C9A24E100645C39 /* FBSDKLoginKit.framework in Frameworks */ = {isa = PBXBuildFile; fileRef = 905456FD1C9A24E100645C39 /* FBSDKLoginKit.framework */; };
		905457011C9B8BB200645C39 /* FacebookPostTableViewCell.swift in Sources */ = {isa = PBXBuildFile; fileRef = 905457001C9B8BB200645C39 /* FacebookPostTableViewCell.swift */; };
		907720E31CD9468E0007FF72 /* CloudKit.framework in Frameworks */ = {isa = PBXBuildFile; fileRef = 907720E21CD9468E0007FF72 /* CloudKit.framework */; };
		909F714D1CE0DE250085C617 /* ChangePasswordTableViewController.swift in Sources */ = {isa = PBXBuildFile; fileRef = 909F714C1CE0DE250085C617 /* ChangePasswordTableViewController.swift */; };
		90A559BF1CA990F50085F72A /* Tweet+CoreDataProperties.swift in Sources */ = {isa = PBXBuildFile; fileRef = 90A559BD1CA990F50085F72A /* Tweet+CoreDataProperties.swift */; };
		90A559C01CA990F50085F72A /* Tweet.swift in Sources */ = {isa = PBXBuildFile; fileRef = 90A559BE1CA990F50085F72A /* Tweet.swift */; };
		90A559C21CA9943D0085F72A /* JournalTwitter.swift in Sources */ = {isa = PBXBuildFile; fileRef = 90A559C11CA9943D0085F72A /* JournalTwitter.swift */; };
		90A559C51CAC09B30085F72A /* FBPost+CoreDataProperties.swift in Sources */ = {isa = PBXBuildFile; fileRef = 90A559C31CAC09B30085F72A /* FBPost+CoreDataProperties.swift */; };
		90A559C61CAC09B30085F72A /* FBPost.swift in Sources */ = {isa = PBXBuildFile; fileRef = 90A559C41CAC09B30085F72A /* FBPost.swift */; };
		90A559C81CAC0B220085F72A /* JournalFacebook.swift in Sources */ = {isa = PBXBuildFile; fileRef = 90A559C71CAC0B220085F72A /* JournalFacebook.swift */; };
		90A559EE1CADCD950085F72A /* CalendarCollectionViewCell.swift in Sources */ = {isa = PBXBuildFile; fileRef = 90A559ED1CADCD950085F72A /* CalendarCollectionViewCell.swift */; };
		90A559F01CADCE870085F72A /* CalendarCollectionReusableHeaderView.swift in Sources */ = {isa = PBXBuildFile; fileRef = 90A559EF1CADCE870085F72A /* CalendarCollectionReusableHeaderView.swift */; };
		90A559F21CADDFA90085F72A /* CalendarCollectionViewController.swift in Sources */ = {isa = PBXBuildFile; fileRef = 90A559F11CADDFA90085F72A /* CalendarCollectionViewController.swift */; };
		90A559F41CB2D1490085F72A /* SignInViewController.swift in Sources */ = {isa = PBXBuildFile; fileRef = 90A559F31CB2D1490085F72A /* SignInViewController.swift */; };
		90E9DB731CB2D7A70092C7AB /* JournalVariables.swift in Sources */ = {isa = PBXBuildFile; fileRef = 90E9DB721CB2D7A70092C7AB /* JournalVariables.swift */; };
		90E9DB751CB30A780092C7AB /* SettingsTableViewController.swift in Sources */ = {isa = PBXBuildFile; fileRef = 90E9DB741CB30A780092C7AB /* SettingsTableViewController.swift */; };
		90E9DB7C1CB3F0BA0092C7AB /* Settings+CoreDataProperties.swift in Sources */ = {isa = PBXBuildFile; fileRef = 90E9DB7A1CB3F0BA0092C7AB /* Settings+CoreDataProperties.swift */; };
		90E9DB7D1CB3F0BA0092C7AB /* Settings.swift in Sources */ = {isa = PBXBuildFile; fileRef = 90E9DB7B1CB3F0BA0092C7AB /* Settings.swift */; };
		90E9DB7F1CB5BB680092C7AB /* SetPasswordTableViewController.swift in Sources */ = {isa = PBXBuildFile; fileRef = 90E9DB7E1CB5BB680092C7AB /* SetPasswordTableViewController.swift */; };
		90E9DBA41CB70FB60092C7AB /* FacebookTableViewController.swift in Sources */ = {isa = PBXBuildFile; fileRef = 90E9DBA31CB70FB60092C7AB /* FacebookTableViewController.swift */; };
		90E9DBA61CB7ED0A0092C7AB /* TwitterTableViewController.swift in Sources */ = {isa = PBXBuildFile; fileRef = 90E9DBA51CB7ED0A0092C7AB /* TwitterTableViewController.swift */; };
/* End PBXBuildFile section */

/* Begin PBXContainerItemProxy section */
		905456B31C937AD300645C39 /* PBXContainerItemProxy */ = {
			isa = PBXContainerItemProxy;
			containerPortal = 905456911C937AD300645C39 /* Project object */;
			proxyType = 1;
			remoteGlobalIDString = 905456981C937AD300645C39;
			remoteInfo = Journal;
		};
		905456BE1C937AD300645C39 /* PBXContainerItemProxy */ = {
			isa = PBXContainerItemProxy;
			containerPortal = 905456911C937AD300645C39 /* Project object */;
			proxyType = 1;
			remoteGlobalIDString = 905456981C937AD300645C39;
			remoteInfo = Journal;
		};
/* End PBXContainerItemProxy section */

/* Begin PBXFileReference section */
		903750751CA41F7B006D9D58 /* Fabric.framework */ = {isa = PBXFileReference; lastKnownFileType = wrapper.framework; path = Fabric.framework; sourceTree = "<group>"; };
		903750761CA41F7B006D9D58 /* TwitterKit.framework */ = {isa = PBXFileReference; lastKnownFileType = wrapper.framework; path = TwitterKit.framework; sourceTree = "<group>"; };
		903750771CA41F7B006D9D58 /* TwitterKitResources.bundle */ = {isa = PBXFileReference; lastKnownFileType = "wrapper.plug-in"; name = TwitterKitResources.bundle; path = TwitterKit.framework/Versions/A/Resources/TwitterKitResources.bundle; sourceTree = "<group>"; };
		903750781CA41F7B006D9D58 /* TwitterCore.framework */ = {isa = PBXFileReference; lastKnownFileType = wrapper.framework; path = TwitterCore.framework; sourceTree = "<group>"; };
		9037507D1CA45240006D9D58 /* EntryDateViewController.swift */ = {isa = PBXFileReference; fileEncoding = 4; lastKnownFileType = sourcecode.swift; path = EntryDateViewController.swift; sourceTree = "<group>"; };
		9038CB111CDF9D59000F4F71 /* Info.plist */ = {isa = PBXFileReference; fileEncoding = 4; lastKnownFileType = text.plist.xml; path = Info.plist; sourceTree = "<group>"; };
		9038CB121CDF9D59000F4F71 /* KeychainOptions.swift */ = {isa = PBXFileReference; fileEncoding = 4; lastKnownFileType = sourcecode.swift; path = KeychainOptions.swift; sourceTree = "<group>"; };
		9038CB131CDF9D59000F4F71 /* KeychainWrapper+Experimental.swift */ = {isa = PBXFileReference; fileEncoding = 4; lastKnownFileType = sourcecode.swift; path = "KeychainWrapper+Experimental.swift"; sourceTree = "<group>"; };
		9038CB141CDF9D59000F4F71 /* KeychainWrapper.swift */ = {isa = PBXFileReference; fileEncoding = 4; lastKnownFileType = sourcecode.swift; path = KeychainWrapper.swift; sourceTree = "<group>"; };
		9038CB151CDF9D59000F4F71 /* SwiftKeychainWrapper.h */ = {isa = PBXFileReference; fileEncoding = 4; lastKnownFileType = sourcecode.c.h; path = SwiftKeychainWrapper.h; sourceTree = "<group>"; };
		905456991C937AD300645C39 /* Journal.app */ = {isa = PBXFileReference; explicitFileType = wrapper.application; includeInIndex = 0; path = Journal.app; sourceTree = BUILT_PRODUCTS_DIR; };
		9054569C1C937AD300645C39 /* AppDelegate.swift */ = {isa = PBXFileReference; lastKnownFileType = sourcecode.swift; path = AppDelegate.swift; sourceTree = "<group>"; };
		9054569F1C937AD300645C39 /* Journal.xcdatamodel */ = {isa = PBXFileReference; lastKnownFileType = wrapper.xcdatamodel; path = Journal.xcdatamodel; sourceTree = "<group>"; };
		905456A11C937AD300645C39 /* MasterViewController.swift */ = {isa = PBXFileReference; lastKnownFileType = sourcecode.swift; path = MasterViewController.swift; sourceTree = "<group>"; };
		905456A31C937AD300645C39 /* EntryViewController.swift */ = {isa = PBXFileReference; lastKnownFileType = sourcecode.swift; path = EntryViewController.swift; sourceTree = "<group>"; };
		905456A61C937AD300645C39 /* Base */ = {isa = PBXFileReference; lastKnownFileType = file.storyboard; name = Base; path = Base.lproj/Main.storyboard; sourceTree = "<group>"; };
		905456A81C937AD300645C39 /* Assets.xcassets */ = {isa = PBXFileReference; lastKnownFileType = folder.assetcatalog; path = Assets.xcassets; sourceTree = "<group>"; };
		905456AB1C937AD300645C39 /* Base */ = {isa = PBXFileReference; lastKnownFileType = file.storyboard; name = Base; path = Base.lproj/LaunchScreen.storyboard; sourceTree = "<group>"; };
		905456AD1C937AD300645C39 /* Info.plist */ = {isa = PBXFileReference; lastKnownFileType = text.plist.xml; path = Info.plist; sourceTree = "<group>"; };
		905456B21C937AD300645C39 /* JournalTests.xctest */ = {isa = PBXFileReference; explicitFileType = wrapper.cfbundle; includeInIndex = 0; path = JournalTests.xctest; sourceTree = BUILT_PRODUCTS_DIR; };
		905456B61C937AD300645C39 /* JournalTests.swift */ = {isa = PBXFileReference; lastKnownFileType = sourcecode.swift; path = JournalTests.swift; sourceTree = "<group>"; };
		905456B81C937AD300645C39 /* Info.plist */ = {isa = PBXFileReference; lastKnownFileType = text.plist.xml; path = Info.plist; sourceTree = "<group>"; };
		905456BD1C937AD300645C39 /* JournalUITests.xctest */ = {isa = PBXFileReference; explicitFileType = wrapper.cfbundle; includeInIndex = 0; path = JournalUITests.xctest; sourceTree = BUILT_PRODUCTS_DIR; };
		905456C11C937AD300645C39 /* JournalUITests.swift */ = {isa = PBXFileReference; lastKnownFileType = sourcecode.swift; path = JournalUITests.swift; sourceTree = "<group>"; };
		905456C31C937AD300645C39 /* Info.plist */ = {isa = PBXFileReference; lastKnownFileType = text.plist.xml; path = Info.plist; sourceTree = "<group>"; };
		905456D01C96F8D800645C39 /* CoreDataStack.swift */ = {isa = PBXFileReference; fileEncoding = 4; lastKnownFileType = sourcecode.swift; path = CoreDataStack.swift; sourceTree = "<group>"; };
		905456D31C971D7A00645C39 /* Entry+CoreDataProperties.swift */ = {isa = PBXFileReference; fileEncoding = 4; lastKnownFileType = sourcecode.swift; path = "Entry+CoreDataProperties.swift"; sourceTree = "<group>"; };
		905456D41C971D7A00645C39 /* Entry.swift */ = {isa = PBXFileReference; fileEncoding = 4; lastKnownFileType = sourcecode.swift; path = Entry.swift; sourceTree = "<group>"; };
		905456FB1C9A22BB00645C39 /* FBSDKCoreKit.framework */ = {isa = PBXFileReference; lastKnownFileType = wrapper.framework; path = FBSDKCoreKit.framework; sourceTree = "<group>"; };
		905456FD1C9A24E100645C39 /* FBSDKLoginKit.framework */ = {isa = PBXFileReference; lastKnownFileType = wrapper.framework; path = FBSDKLoginKit.framework; sourceTree = "<group>"; };
		905457001C9B8BB200645C39 /* FacebookPostTableViewCell.swift */ = {isa = PBXFileReference; fileEncoding = 4; lastKnownFileType = sourcecode.swift; path = FacebookPostTableViewCell.swift; sourceTree = "<group>"; };
		907720E11CD9464C0007FF72 /* Journal.entitlements */ = {isa = PBXFileReference; lastKnownFileType = text.xml; path = Journal.entitlements; sourceTree = "<group>"; };
		907720E21CD9468E0007FF72 /* CloudKit.framework */ = {isa = PBXFileReference; lastKnownFileType = wrapper.framework; name = CloudKit.framework; path = System/Library/Frameworks/CloudKit.framework; sourceTree = SDKROOT; };
		909F714C1CE0DE250085C617 /* ChangePasswordTableViewController.swift */ = {isa = PBXFileReference; fileEncoding = 4; lastKnownFileType = sourcecode.swift; path = ChangePasswordTableViewController.swift; sourceTree = "<group>"; };
		90A559BD1CA990F50085F72A /* Tweet+CoreDataProperties.swift */ = {isa = PBXFileReference; fileEncoding = 4; lastKnownFileType = sourcecode.swift; path = "Tweet+CoreDataProperties.swift"; sourceTree = "<group>"; };
		90A559BE1CA990F50085F72A /* Tweet.swift */ = {isa = PBXFileReference; fileEncoding = 4; lastKnownFileType = sourcecode.swift; path = Tweet.swift; sourceTree = "<group>"; };
		90A559C11CA9943D0085F72A /* JournalTwitter.swift */ = {isa = PBXFileReference; fileEncoding = 4; lastKnownFileType = sourcecode.swift; path = JournalTwitter.swift; sourceTree = "<group>"; };
		90A559C31CAC09B30085F72A /* FBPost+CoreDataProperties.swift */ = {isa = PBXFileReference; fileEncoding = 4; lastKnownFileType = sourcecode.swift; path = "FBPost+CoreDataProperties.swift"; sourceTree = "<group>"; };
		90A559C41CAC09B30085F72A /* FBPost.swift */ = {isa = PBXFileReference; fileEncoding = 4; lastKnownFileType = sourcecode.swift; path = FBPost.swift; sourceTree = "<group>"; };
		90A559C71CAC0B220085F72A /* JournalFacebook.swift */ = {isa = PBXFileReference; fileEncoding = 4; lastKnownFileType = sourcecode.swift; path = JournalFacebook.swift; sourceTree = "<group>"; };
		90A559ED1CADCD950085F72A /* CalendarCollectionViewCell.swift */ = {isa = PBXFileReference; fileEncoding = 4; lastKnownFileType = sourcecode.swift; path = CalendarCollectionViewCell.swift; sourceTree = "<group>"; };
		90A559EF1CADCE870085F72A /* CalendarCollectionReusableHeaderView.swift */ = {isa = PBXFileReference; fileEncoding = 4; lastKnownFileType = sourcecode.swift; path = CalendarCollectionReusableHeaderView.swift; sourceTree = "<group>"; };
		90A559F11CADDFA90085F72A /* CalendarCollectionViewController.swift */ = {isa = PBXFileReference; fileEncoding = 4; lastKnownFileType = sourcecode.swift; path = CalendarCollectionViewController.swift; sourceTree = "<group>"; };
		90A559F31CB2D1490085F72A /* SignInViewController.swift */ = {isa = PBXFileReference; fileEncoding = 4; lastKnownFileType = sourcecode.swift; path = SignInViewController.swift; sourceTree = "<group>"; };
		90E9DB721CB2D7A70092C7AB /* JournalVariables.swift */ = {isa = PBXFileReference; fileEncoding = 4; lastKnownFileType = sourcecode.swift; path = JournalVariables.swift; sourceTree = "<group>"; };
		90E9DB741CB30A780092C7AB /* SettingsTableViewController.swift */ = {isa = PBXFileReference; fileEncoding = 4; lastKnownFileType = sourcecode.swift; path = SettingsTableViewController.swift; sourceTree = "<group>"; };
		90E9DB7A1CB3F0BA0092C7AB /* Settings+CoreDataProperties.swift */ = {isa = PBXFileReference; fileEncoding = 4; lastKnownFileType = sourcecode.swift; path = "Settings+CoreDataProperties.swift"; sourceTree = "<group>"; };
		90E9DB7B1CB3F0BA0092C7AB /* Settings.swift */ = {isa = PBXFileReference; fileEncoding = 4; lastKnownFileType = sourcecode.swift; path = Settings.swift; sourceTree = "<group>"; };
		90E9DB7E1CB5BB680092C7AB /* SetPasswordTableViewController.swift */ = {isa = PBXFileReference; fileEncoding = 4; lastKnownFileType = sourcecode.swift; path = SetPasswordTableViewController.swift; sourceTree = "<group>"; };
		90E9DBA31CB70FB60092C7AB /* FacebookTableViewController.swift */ = {isa = PBXFileReference; fileEncoding = 4; lastKnownFileType = sourcecode.swift; path = FacebookTableViewController.swift; sourceTree = "<group>"; };
		90E9DBA51CB7ED0A0092C7AB /* TwitterTableViewController.swift */ = {isa = PBXFileReference; fileEncoding = 4; lastKnownFileType = sourcecode.swift; path = TwitterTableViewController.swift; sourceTree = "<group>"; };
/* End PBXFileReference section */

/* Begin PBXFrameworksBuildPhase section */
		905456961C937AD300645C39 /* Frameworks */ = {
			isa = PBXFrameworksBuildPhase;
			buildActionMask = 2147483647;
			files = (
				9037507C1CA41F7B006D9D58 /* TwitterCore.framework in Frameworks */,
				905456FE1C9A24E100645C39 /* FBSDKLoginKit.framework in Frameworks */,
				905456FC1C9A22BB00645C39 /* FBSDKCoreKit.framework in Frameworks */,
				907720E31CD9468E0007FF72 /* CloudKit.framework in Frameworks */,
				903750791CA41F7B006D9D58 /* Fabric.framework in Frameworks */,
				9037507A1CA41F7B006D9D58 /* TwitterKit.framework in Frameworks */,
			);
			runOnlyForDeploymentPostprocessing = 0;
		};
		905456AF1C937AD300645C39 /* Frameworks */ = {
			isa = PBXFrameworksBuildPhase;
			buildActionMask = 2147483647;
			files = (
			);
			runOnlyForDeploymentPostprocessing = 0;
		};
		905456BA1C937AD300645C39 /* Frameworks */ = {
			isa = PBXFrameworksBuildPhase;
			buildActionMask = 2147483647;
			files = (
			);
			runOnlyForDeploymentPostprocessing = 0;
		};
/* End PBXFrameworksBuildPhase section */

/* Begin PBXGroup section */
		9038CB101CDF9D59000F4F71 /* SwiftKeychainWrapper */ = {
			isa = PBXGroup;
			children = (
				9038CB111CDF9D59000F4F71 /* Info.plist */,
				9038CB121CDF9D59000F4F71 /* KeychainOptions.swift */,
				9038CB131CDF9D59000F4F71 /* KeychainWrapper+Experimental.swift */,
				9038CB141CDF9D59000F4F71 /* KeychainWrapper.swift */,
				9038CB151CDF9D59000F4F71 /* SwiftKeychainWrapper.h */,
			);
			path = SwiftKeychainWrapper;
			sourceTree = "<group>";
		};
		905456901C937AD300645C39 = {
			isa = PBXGroup;
			children = (
				905456FA1C99FBA900645C39 /* Frameworks */,
				9054569B1C937AD300645C39 /* Journal */,
				905456B51C937AD300645C39 /* JournalTests */,
				905456C01C937AD300645C39 /* JournalUITests */,
				9054569A1C937AD300645C39 /* Products */,
				903750751CA41F7B006D9D58 /* Fabric.framework */,
				903750761CA41F7B006D9D58 /* TwitterKit.framework */,
				903750771CA41F7B006D9D58 /* TwitterKitResources.bundle */,
				903750781CA41F7B006D9D58 /* TwitterCore.framework */,
			);
			sourceTree = "<group>";
		};
		9054569A1C937AD300645C39 /* Products */ = {
			isa = PBXGroup;
			children = (
				905456991C937AD300645C39 /* Journal.app */,
				905456B21C937AD300645C39 /* JournalTests.xctest */,
				905456BD1C937AD300645C39 /* JournalUITests.xctest */,
			);
			name = Products;
			sourceTree = "<group>";
		};
		9054569B1C937AD300645C39 /* Journal */ = {
			isa = PBXGroup;
			children = (
				907720E11CD9464C0007FF72 /* Journal.entitlements */,
				905456A11C937AD300645C39 /* MasterViewController.swift */,
				90A559F31CB2D1490085F72A /* SignInViewController.swift */,
				90A559F11CADDFA90085F72A /* CalendarCollectionViewController.swift */,
				90A559ED1CADCD950085F72A /* CalendarCollectionViewCell.swift */,
				90A559EF1CADCE870085F72A /* CalendarCollectionReusableHeaderView.swift */,
				90E9DB741CB30A780092C7AB /* SettingsTableViewController.swift */,
				90E9DB7E1CB5BB680092C7AB /* SetPasswordTableViewController.swift */,
				909F714C1CE0DE250085C617 /* ChangePasswordTableViewController.swift */,
				905456A31C937AD300645C39 /* EntryViewController.swift */,
				9037507D1CA45240006D9D58 /* EntryDateViewController.swift */,
				90E9DBA31CB70FB60092C7AB /* FacebookTableViewController.swift */,
				905457001C9B8BB200645C39 /* FacebookPostTableViewCell.swift */,
				90E9DBA51CB7ED0A0092C7AB /* TwitterTableViewController.swift */,
				90A559C11CA9943D0085F72A /* JournalTwitter.swift */,
				90A559C71CAC0B220085F72A /* JournalFacebook.swift */,
				9054569C1C937AD300645C39 /* AppDelegate.swift */,
				90E9DB721CB2D7A70092C7AB /* JournalVariables.swift */,
				9038CB101CDF9D59000F4F71 /* SwiftKeychainWrapper */,
				905456D21C96F8DE00645C39 /* CoreData */,
				905456A81C937AD300645C39 /* Assets.xcassets */,
				905456A51C937AD300645C39 /* Main.storyboard */,
				905456AA1C937AD300645C39 /* LaunchScreen.storyboard */,
				905456AD1C937AD300645C39 /* Info.plist */,
				9054569E1C937AD300645C39 /* Journal.xcdatamodeld */,
			);
			path = Journal;
			sourceTree = "<group>";
		};
		905456B51C937AD300645C39 /* JournalTests */ = {
			isa = PBXGroup;
			children = (
				905456B61C937AD300645C39 /* JournalTests.swift */,
				905456B81C937AD300645C39 /* Info.plist */,
			);
			path = JournalTests;
			sourceTree = "<group>";
		};
		905456C01C937AD300645C39 /* JournalUITests */ = {
			isa = PBXGroup;
			children = (
				905456C11C937AD300645C39 /* JournalUITests.swift */,
				905456C31C937AD300645C39 /* Info.plist */,
			);
			path = JournalUITests;
			sourceTree = "<group>";
		};
		905456D21C96F8DE00645C39 /* CoreData */ = {
			isa = PBXGroup;
			children = (
				90A559C31CAC09B30085F72A /* FBPost+CoreDataProperties.swift */,
				90A559BD1CA990F50085F72A /* Tweet+CoreDataProperties.swift */,
				905456D31C971D7A00645C39 /* Entry+CoreDataProperties.swift */,
				90E9DB7A1CB3F0BA0092C7AB /* Settings+CoreDataProperties.swift */,
				90A559C41CAC09B30085F72A /* FBPost.swift */,
				90A559BE1CA990F50085F72A /* Tweet.swift */,
				905456D41C971D7A00645C39 /* Entry.swift */,
				90E9DB7B1CB3F0BA0092C7AB /* Settings.swift */,
				905456D01C96F8D800645C39 /* CoreDataStack.swift */,
			);
			name = CoreData;
			sourceTree = "<group>";
		};
		905456FA1C99FBA900645C39 /* Frameworks */ = {
			isa = PBXGroup;
			children = (
				907720E21CD9468E0007FF72 /* CloudKit.framework */,
				905456FD1C9A24E100645C39 /* FBSDKLoginKit.framework */,
				905456FB1C9A22BB00645C39 /* FBSDKCoreKit.framework */,
			);
			name = Frameworks;
			sourceTree = "<group>";
		};
/* End PBXGroup section */

/* Begin PBXNativeTarget section */
		905456981C937AD300645C39 /* Journal */ = {
			isa = PBXNativeTarget;
			buildConfigurationList = 905456C61C937AD300645C39 /* Build configuration list for PBXNativeTarget "Journal" */;
			buildPhases = (
				905456951C937AD300645C39 /* Sources */,
				905456961C937AD300645C39 /* Frameworks */,
				905456971C937AD300645C39 /* Resources */,
				903750741CA41F2E006D9D58 /* ShellScript */,
			);
			buildRules = (
			);
			dependencies = (
			);
			name = Journal;
			productName = Journal;
			productReference = 905456991C937AD300645C39 /* Journal.app */;
			productType = "com.apple.product-type.application";
		};
		905456B11C937AD300645C39 /* JournalTests */ = {
			isa = PBXNativeTarget;
			buildConfigurationList = 905456C91C937AD300645C39 /* Build configuration list for PBXNativeTarget "JournalTests" */;
			buildPhases = (
				905456AE1C937AD300645C39 /* Sources */,
				905456AF1C937AD300645C39 /* Frameworks */,
				905456B01C937AD300645C39 /* Resources */,
			);
			buildRules = (
			);
			dependencies = (
				905456B41C937AD300645C39 /* PBXTargetDependency */,
			);
			name = JournalTests;
			productName = JournalTests;
			productReference = 905456B21C937AD300645C39 /* JournalTests.xctest */;
			productType = "com.apple.product-type.bundle.unit-test";
		};
		905456BC1C937AD300645C39 /* JournalUITests */ = {
			isa = PBXNativeTarget;
			buildConfigurationList = 905456CC1C937AD300645C39 /* Build configuration list for PBXNativeTarget "JournalUITests" */;
			buildPhases = (
				905456B91C937AD300645C39 /* Sources */,
				905456BA1C937AD300645C39 /* Frameworks */,
				905456BB1C937AD300645C39 /* Resources */,
			);
			buildRules = (
			);
			dependencies = (
				905456BF1C937AD300645C39 /* PBXTargetDependency */,
			);
			name = JournalUITests;
			productName = JournalUITests;
			productReference = 905456BD1C937AD300645C39 /* JournalUITests.xctest */;
			productType = "com.apple.product-type.bundle.ui-testing";
		};
/* End PBXNativeTarget section */

/* Begin PBXProject section */
		905456911C937AD300645C39 /* Project object */ = {
			isa = PBXProject;
			attributes = {
				LastSwiftUpdateCheck = 0720;
				LastUpgradeCheck = 0720;
				ORGANIZATIONNAME = "Morgan Davison";
				TargetAttributes = {
					905456981C937AD300645C39 = {
						CreatedOnToolsVersion = 7.2;
						DevelopmentTeam = 2TEP68NZCD;
						SystemCapabilities = {
							com.apple.iCloud = {
								enabled = 1;
							};
						};
					};
					905456B11C937AD300645C39 = {
						CreatedOnToolsVersion = 7.2;
						TestTargetID = 905456981C937AD300645C39;
					};
					905456BC1C937AD300645C39 = {
						CreatedOnToolsVersion = 7.2;
						TestTargetID = 905456981C937AD300645C39;
					};
				};
			};
			buildConfigurationList = 905456941C937AD300645C39 /* Build configuration list for PBXProject "Journal" */;
			compatibilityVersion = "Xcode 3.2";
			developmentRegion = English;
			hasScannedForEncodings = 0;
			knownRegions = (
				en,
				Base,
			);
			mainGroup = 905456901C937AD300645C39;
			productRefGroup = 9054569A1C937AD300645C39 /* Products */;
			projectDirPath = "";
			projectRoot = "";
			targets = (
				905456981C937AD300645C39 /* Journal */,
				905456B11C937AD300645C39 /* JournalTests */,
				905456BC1C937AD300645C39 /* JournalUITests */,
			);
		};
/* End PBXProject section */

/* Begin PBXResourcesBuildPhase section */
		905456971C937AD300645C39 /* Resources */ = {
			isa = PBXResourcesBuildPhase;
			buildActionMask = 2147483647;
			files = (
				9037507B1CA41F7B006D9D58 /* TwitterKitResources.bundle in Resources */,
				905456AC1C937AD300645C39 /* LaunchScreen.storyboard in Resources */,
				905456A91C937AD300645C39 /* Assets.xcassets in Resources */,
				9038CB161CDF9D59000F4F71 /* Info.plist in Resources */,
				905456A71C937AD300645C39 /* Main.storyboard in Resources */,
			);
			runOnlyForDeploymentPostprocessing = 0;
		};
		905456B01C937AD300645C39 /* Resources */ = {
			isa = PBXResourcesBuildPhase;
			buildActionMask = 2147483647;
			files = (
			);
			runOnlyForDeploymentPostprocessing = 0;
		};
		905456BB1C937AD300645C39 /* Resources */ = {
			isa = PBXResourcesBuildPhase;
			buildActionMask = 2147483647;
			files = (
			);
			runOnlyForDeploymentPostprocessing = 0;
		};
/* End PBXResourcesBuildPhase section */

/* Begin PBXShellScriptBuildPhase section */
		903750741CA41F2E006D9D58 /* ShellScript */ = {
			isa = PBXShellScriptBuildPhase;
			buildActionMask = 2147483647;
			files = (
			);
			inputPaths = (
			);
			outputPaths = (
			);
			runOnlyForDeploymentPostprocessing = 0;
			shellPath = /bin/sh;
			shellScript = "./Fabric.framework/run b09e4af695e66be4a047b6eb1575e252ac334e9e cf9639eb6c410794c858193c0ef7d7feb5e8f5a5a54fb143c27c625ec354d6ad";
		};
/* End PBXShellScriptBuildPhase section */

/* Begin PBXSourcesBuildPhase section */
		905456951C937AD300645C39 /* Sources */ = {
			isa = PBXSourcesBuildPhase;
			buildActionMask = 2147483647;
			files = (
				905456D61C971D7A00645C39 /* Entry.swift in Sources */,
				90A559BF1CA990F50085F72A /* Tweet+CoreDataProperties.swift in Sources */,
				90A559F01CADCE870085F72A /* CalendarCollectionReusableHeaderView.swift in Sources */,
				90A559C61CAC09B30085F72A /* FBPost.swift in Sources */,
				905456D51C971D7A00645C39 /* Entry+CoreDataProperties.swift in Sources */,
				905457011C9B8BB200645C39 /* FacebookPostTableViewCell.swift in Sources */,
				90A559EE1CADCD950085F72A /* CalendarCollectionViewCell.swift in Sources */,
				90A559C81CAC0B220085F72A /* JournalFacebook.swift in Sources */,
				9038CB181CDF9D59000F4F71 /* KeychainWrapper+Experimental.swift in Sources */,
				9038CB191CDF9D59000F4F71 /* KeychainWrapper.swift in Sources */,
				9038CB171CDF9D59000F4F71 /* KeychainOptions.swift in Sources */,
				90E9DBA41CB70FB60092C7AB /* FacebookTableViewController.swift in Sources */,
				90E9DB7C1CB3F0BA0092C7AB /* Settings+CoreDataProperties.swift in Sources */,
				90E9DB7F1CB5BB680092C7AB /* SetPasswordTableViewController.swift in Sources */,
				90E9DB7D1CB3F0BA0092C7AB /* Settings.swift in Sources */,
				90A559F21CADDFA90085F72A /* CalendarCollectionViewController.swift in Sources */,
				90A559F41CB2D1490085F72A /* SignInViewController.swift in Sources */,
				905456D11C96F8D800645C39 /* CoreDataStack.swift in Sources */,
				90A559C21CA9943D0085F72A /* JournalTwitter.swift in Sources */,
				90A559C01CA990F50085F72A /* Tweet.swift in Sources */,
				90E9DB731CB2D7A70092C7AB /* JournalVariables.swift in Sources */,
				9054569D1C937AD300645C39 /* AppDelegate.swift in Sources */,
				905456A01C937AD300645C39 /* Journal.xcdatamodeld in Sources */,
				90A559C51CAC09B30085F72A /* FBPost+CoreDataProperties.swift in Sources */,
				905456A21C937AD300645C39 /* MasterViewController.swift in Sources */,
				9037507E1CA45240006D9D58 /* EntryDateViewController.swift in Sources */,
				909F714D1CE0DE250085C617 /* ChangePasswordTableViewController.swift in Sources */,
				905456A41C937AD300645C39 /* EntryViewController.swift in Sources */,
				90E9DB751CB30A780092C7AB /* SettingsTableViewController.swift in Sources */,
				90E9DBA61CB7ED0A0092C7AB /* TwitterTableViewController.swift in Sources */,
			);
			runOnlyForDeploymentPostprocessing = 0;
		};
		905456AE1C937AD300645C39 /* Sources */ = {
			isa = PBXSourcesBuildPhase;
			buildActionMask = 2147483647;
			files = (
				905456B71C937AD300645C39 /* JournalTests.swift in Sources */,
			);
			runOnlyForDeploymentPostprocessing = 0;
		};
		905456B91C937AD300645C39 /* Sources */ = {
			isa = PBXSourcesBuildPhase;
			buildActionMask = 2147483647;
			files = (
				905456C21C937AD300645C39 /* JournalUITests.swift in Sources */,
			);
			runOnlyForDeploymentPostprocessing = 0;
		};
/* End PBXSourcesBuildPhase section */

/* Begin PBXTargetDependency section */
		905456B41C937AD300645C39 /* PBXTargetDependency */ = {
			isa = PBXTargetDependency;
			target = 905456981C937AD300645C39 /* Journal */;
			targetProxy = 905456B31C937AD300645C39 /* PBXContainerItemProxy */;
		};
		905456BF1C937AD300645C39 /* PBXTargetDependency */ = {
			isa = PBXTargetDependency;
			target = 905456981C937AD300645C39 /* Journal */;
			targetProxy = 905456BE1C937AD300645C39 /* PBXContainerItemProxy */;
		};
/* End PBXTargetDependency section */

/* Begin PBXVariantGroup section */
		905456A51C937AD300645C39 /* Main.storyboard */ = {
			isa = PBXVariantGroup;
			children = (
				905456A61C937AD300645C39 /* Base */,
			);
			name = Main.storyboard;
			sourceTree = "<group>";
		};
		905456AA1C937AD300645C39 /* LaunchScreen.storyboard */ = {
			isa = PBXVariantGroup;
			children = (
				905456AB1C937AD300645C39 /* Base */,
			);
			name = LaunchScreen.storyboard;
			sourceTree = "<group>";
		};
/* End PBXVariantGroup section */

/* Begin XCBuildConfiguration section */
		905456C41C937AD300645C39 /* Debug */ = {
			isa = XCBuildConfiguration;
			buildSettings = {
				ALWAYS_SEARCH_USER_PATHS = NO;
				CLANG_CXX_LANGUAGE_STANDARD = "gnu++0x";
				CLANG_CXX_LIBRARY = "libc++";
				CLANG_ENABLE_MODULES = YES;
				CLANG_ENABLE_OBJC_ARC = YES;
				CLANG_WARN_BOOL_CONVERSION = YES;
				CLANG_WARN_CONSTANT_CONVERSION = YES;
				CLANG_WARN_DIRECT_OBJC_ISA_USAGE = YES_ERROR;
				CLANG_WARN_EMPTY_BODY = YES;
				CLANG_WARN_ENUM_CONVERSION = YES;
				CLANG_WARN_INT_CONVERSION = YES;
				CLANG_WARN_OBJC_ROOT_CLASS = YES_ERROR;
				CLANG_WARN_UNREACHABLE_CODE = YES;
				CLANG_WARN__DUPLICATE_METHOD_MATCH = YES;
				"CODE_SIGN_IDENTITY[sdk=iphoneos*]" = "iPhone Developer";
				COPY_PHASE_STRIP = NO;
				DEBUG_INFORMATION_FORMAT = dwarf;
				ENABLE_STRICT_OBJC_MSGSEND = YES;
				ENABLE_TESTABILITY = YES;
				GCC_C_LANGUAGE_STANDARD = gnu99;
				GCC_DYNAMIC_NO_PIC = NO;
				GCC_NO_COMMON_BLOCKS = YES;
				GCC_OPTIMIZATION_LEVEL = 0;
				GCC_PREPROCESSOR_DEFINITIONS = (
					"DEBUG=1",
					"$(inherited)",
				);
				GCC_WARN_64_TO_32_BIT_CONVERSION = YES;
				GCC_WARN_ABOUT_RETURN_TYPE = YES_ERROR;
				GCC_WARN_UNDECLARED_SELECTOR = YES;
				GCC_WARN_UNINITIALIZED_AUTOS = YES_AGGRESSIVE;
				GCC_WARN_UNUSED_FUNCTION = YES;
				GCC_WARN_UNUSED_VARIABLE = YES;
				IPHONEOS_DEPLOYMENT_TARGET = 9.2;
				MTL_ENABLE_DEBUG_INFO = YES;
				ONLY_ACTIVE_ARCH = YES;
				SDKROOT = iphoneos;
				SWIFT_OPTIMIZATION_LEVEL = "-Onone";
				TARGETED_DEVICE_FAMILY = "1,2";
			};
			name = Debug;
		};
		905456C51C937AD300645C39 /* Release */ = {
			isa = XCBuildConfiguration;
			buildSettings = {
				ALWAYS_SEARCH_USER_PATHS = NO;
				CLANG_CXX_LANGUAGE_STANDARD = "gnu++0x";
				CLANG_CXX_LIBRARY = "libc++";
				CLANG_ENABLE_MODULES = YES;
				CLANG_ENABLE_OBJC_ARC = YES;
				CLANG_WARN_BOOL_CONVERSION = YES;
				CLANG_WARN_CONSTANT_CONVERSION = YES;
				CLANG_WARN_DIRECT_OBJC_ISA_USAGE = YES_ERROR;
				CLANG_WARN_EMPTY_BODY = YES;
				CLANG_WARN_ENUM_CONVERSION = YES;
				CLANG_WARN_INT_CONVERSION = YES;
				CLANG_WARN_OBJC_ROOT_CLASS = YES_ERROR;
				CLANG_WARN_UNREACHABLE_CODE = YES;
				CLANG_WARN__DUPLICATE_METHOD_MATCH = YES;
				"CODE_SIGN_IDENTITY[sdk=iphoneos*]" = "iPhone Developer";
				COPY_PHASE_STRIP = NO;
				DEBUG_INFORMATION_FORMAT = "dwarf-with-dsym";
				ENABLE_NS_ASSERTIONS = NO;
				ENABLE_STRICT_OBJC_MSGSEND = YES;
				GCC_C_LANGUAGE_STANDARD = gnu99;
				GCC_NO_COMMON_BLOCKS = YES;
				GCC_WARN_64_TO_32_BIT_CONVERSION = YES;
				GCC_WARN_ABOUT_RETURN_TYPE = YES_ERROR;
				GCC_WARN_UNDECLARED_SELECTOR = YES;
				GCC_WARN_UNINITIALIZED_AUTOS = YES_AGGRESSIVE;
				GCC_WARN_UNUSED_FUNCTION = YES;
				GCC_WARN_UNUSED_VARIABLE = YES;
				IPHONEOS_DEPLOYMENT_TARGET = 9.2;
				MTL_ENABLE_DEBUG_INFO = NO;
				SDKROOT = iphoneos;
				TARGETED_DEVICE_FAMILY = "1,2";
				VALIDATE_PRODUCT = YES;
			};
			name = Release;
		};
		905456C71C937AD300645C39 /* Debug */ = {
			isa = XCBuildConfiguration;
			buildSettings = {
				ASSETCATALOG_COMPILER_APPICON_NAME = AppIcon;
				CODE_SIGN_ENTITLEMENTS = Journal/Journal.entitlements;
				FRAMEWORK_SEARCH_PATHS = (
					"$(inherited)",
					"$(PROJECT_DIR)",
				);
				INFOPLIST_FILE = Journal/Info.plist;
				LD_RUNPATH_SEARCH_PATHS = "$(inherited) @executable_path/Frameworks";
				PRODUCT_BUNDLE_IDENTIFIER = com.morgandavison.Journal;
				PRODUCT_NAME = "$(TARGET_NAME)";
			};
			name = Debug;
		};
		905456C81C937AD300645C39 /* Release */ = {
			isa = XCBuildConfiguration;
			buildSettings = {
				ASSETCATALOG_COMPILER_APPICON_NAME = AppIcon;
				CODE_SIGN_ENTITLEMENTS = Journal/Journal.entitlements;
				FRAMEWORK_SEARCH_PATHS = (
					"$(inherited)",
					"$(PROJECT_DIR)",
				);
				INFOPLIST_FILE = Journal/Info.plist;
				LD_RUNPATH_SEARCH_PATHS = "$(inherited) @executable_path/Frameworks";
				PRODUCT_BUNDLE_IDENTIFIER = com.morgandavison.Journal;
				PRODUCT_NAME = "$(TARGET_NAME)";
			};
			name = Release;
		};
		905456CA1C937AD300645C39 /* Debug */ = {
			isa = XCBuildConfiguration;
			buildSettings = {
				BUNDLE_LOADER = "$(TEST_HOST)";
				INFOPLIST_FILE = JournalTests/Info.plist;
				LD_RUNPATH_SEARCH_PATHS = "$(inherited) @executable_path/Frameworks @loader_path/Frameworks";
				PRODUCT_BUNDLE_IDENTIFIER = com.morgandavison.JournalTests;
				PRODUCT_NAME = "$(TARGET_NAME)";
				TEST_HOST = "$(BUILT_PRODUCTS_DIR)/Journal.app/Journal";
			};
			name = Debug;
		};
		905456CB1C937AD300645C39 /* Release */ = {
			isa = XCBuildConfiguration;
			buildSettings = {
				BUNDLE_LOADER = "$(TEST_HOST)";
				INFOPLIST_FILE = JournalTests/Info.plist;
				LD_RUNPATH_SEARCH_PATHS = "$(inherited) @executable_path/Frameworks @loader_path/Frameworks";
				PRODUCT_BUNDLE_IDENTIFIER = com.morgandavison.JournalTests;
				PRODUCT_NAME = "$(TARGET_NAME)";
				TEST_HOST = "$(BUILT_PRODUCTS_DIR)/Journal.app/Journal";
			};
			name = Release;
		};
		905456CD1C937AD300645C39 /* Debug */ = {
			isa = XCBuildConfiguration;
			buildSettings = {
				INFOPLIST_FILE = JournalUITests/Info.plist;
				LD_RUNPATH_SEARCH_PATHS = "$(inherited) @executable_path/Frameworks @loader_path/Frameworks";
				PRODUCT_BUNDLE_IDENTIFIER = com.morgandavison.JournalUITests;
				PRODUCT_NAME = "$(TARGET_NAME)";
				TEST_TARGET_NAME = Journal;
				USES_XCTRUNNER = YES;
			};
			name = Debug;
		};
		905456CE1C937AD300645C39 /* Release */ = {
			isa = XCBuildConfiguration;
			buildSettings = {
				INFOPLIST_FILE = JournalUITests/Info.plist;
				LD_RUNPATH_SEARCH_PATHS = "$(inherited) @executable_path/Frameworks @loader_path/Frameworks";
				PRODUCT_BUNDLE_IDENTIFIER = com.morgandavison.JournalUITests;
				PRODUCT_NAME = "$(TARGET_NAME)";
				TEST_TARGET_NAME = Journal;
				USES_XCTRUNNER = YES;
			};
			name = Release;
		};
/* End XCBuildConfiguration section */

/* Begin XCConfigurationList section */
		905456941C937AD300645C39 /* Build configuration list for PBXProject "Journal" */ = {
			isa = XCConfigurationList;
			buildConfigurations = (
				905456C41C937AD300645C39 /* Debug */,
				905456C51C937AD300645C39 /* Release */,
			);
			defaultConfigurationIsVisible = 0;
			defaultConfigurationName = Release;
		};
		905456C61C937AD300645C39 /* Build configuration list for PBXNativeTarget "Journal" */ = {
			isa = XCConfigurationList;
			buildConfigurations = (
				905456C71C937AD300645C39 /* Debug */,
				905456C81C937AD300645C39 /* Release */,
			);
			defaultConfigurationIsVisible = 0;
			defaultConfigurationName = Release;
		};
		905456C91C937AD300645C39 /* Build configuration list for PBXNativeTarget "JournalTests" */ = {
			isa = XCConfigurationList;
			buildConfigurations = (
				905456CA1C937AD300645C39 /* Debug */,
				905456CB1C937AD300645C39 /* Release */,
			);
			defaultConfigurationIsVisible = 0;
			defaultConfigurationName = Release;
		};
		905456CC1C937AD300645C39 /* Build configuration list for PBXNativeTarget "JournalUITests" */ = {
			isa = XCConfigurationList;
			buildConfigurations = (
				905456CD1C937AD300645C39 /* Debug */,
				905456CE1C937AD300645C39 /* Release */,
			);
			defaultConfigurationIsVisible = 0;
			defaultConfigurationName = Release;
		};
/* End XCConfigurationList section */

/* Begin XCVersionGroup section */
		9054569E1C937AD300645C39 /* Journal.xcdatamodeld */ = {
			isa = XCVersionGroup;
			children = (
				9054569F1C937AD300645C39 /* Journal.xcdatamodel */,
			);
			currentVersion = 9054569F1C937AD300645C39 /* Journal.xcdatamodel */;
			path = Journal.xcdatamodeld;
			sourceTree = "<group>";
			versionGroupType = wrapper.xcdatamodel;
		};
/* End XCVersionGroup section */
	};
	rootObject = 905456911C937AD300645C39 /* Project object */;
}
